
Microsoft Visual Studio Solution File, Format Version 12.00
# Visual Studio Version 17
VisualStudioVersion = 17.14.36109.1 d17.14
MinimumVisualStudioVersion = 10.0.40219.1
Project("{FAE04EC0-301F-11D3-BF4B-00C04F79EFBC}") = "Guess the number", "Guess the number\Guess the number.csproj", "{79162176-42F4-47BB-8642-3096236C440C}"
EndProject
Global
	GlobalSection(SolutionConfigurationPlatforms) = preSolution
		Debug|Any CPU = Debug|Any CPU
		Release|Any CPU = Release|Any CPU
	EndGlobalSection
	GlobalSection(ProjectConfigurationPlatforms) = postSolution
		{79162176-42F4-47BB-8642-3096236C440C}.Debug|Any CPU.ActiveCfg = Debug|Any CPU
		{79162176-42F4-47BB-8642-3096236C440C}.Debug|Any CPU.Build.0 = Debug|Any CPU
		{79162176-42F4-47BB-8642-3096236C440C}.Release|Any CPU.ActiveCfg = Release|Any CPU
		{79162176-42F4-47BB-8642-3096236C440C}.Release|Any CPU.Build.0 = Release|Any CPU
	EndGlobalSection
	GlobalSection(SolutionProperties) = preSolution
		HideSolutionNode = FALSE
	EndGlobalSection
	GlobalSection(ExtensibilityGlobals) = postSolution
		SolutionGuid = {56A56F09-5275-487F-9074-45D6F08F4E3C}
	EndGlobalSection
EndGlobal
